
Microsoft Visual Studio Solution File, Format Version 12.00
# Visual Studio 15
VisualStudioVersion = 15.0.28010.2050
MinimumVisualStudioVersion = 10.0.40219.1
Project("{FAE04EC0-301F-11D3-BF4B-00C04F79EFBC}") = "Ticker", "Ticker\Ticker.csproj", "{300B165C-AF2C-431C-A70A-6CBF0F783731}"
EndProject
Global
	GlobalSection(SolutionConfigurationPlatforms) = preSolution
		Debug|Any CPU = Debug|Any CPU
		Release|Any CPU = Release|Any CPU
	EndGlobalSection
	GlobalSection(ProjectConfigurationPlatforms) = postSolution
		{300B165C-AF2C-431C-A70A-6CBF0F783731}.Debug|Any CPU.ActiveCfg = Debug|Any CPU
		{300B165C-AF2C-431C-A70A-6CBF0F783731}.Debug|Any CPU.Build.0 = Debug|Any CPU
		{300B165C-AF2C-431C-A70A-6CBF0F783731}.Release|Any CPU.ActiveCfg = Release|Any CPU
		{300B165C-AF2C-431C-A70A-6CBF0F783731}.Release|Any CPU.Build.0 = Release|Any CPU
	EndGlobalSection
	GlobalSection(SolutionProperties) = preSolution
		HideSolutionNode = FALSE
	EndGlobalSection
	GlobalSection(ExtensibilityGlobals) = postSolution
		SolutionGuid = {9D7D53CA-AFEC-4B9B-ACA7-56CA7036E9CE}
	EndGlobalSection
EndGlobal
